<Solution>
  <Configurations>
    <Platform Name="x64" />
  </Configurations>
  <Folder Name="/Solution Items/">
    <File Path=".editorconfig" />
  </Folder>
  <Project Path="Method.Contracts/Method.Contracts.csproj">
    <BuildDependency Project="PreBuild/PreBuild.csproj" />
    <Platform Project="x64" />
  </Project>
  <Project Path="PreBuild/PreBuild.csproj">
    <Platform Project="x64" />
  </Project>
  <Project Path="Test/Method.Contracts.Test/Method.Contracts.Test.csproj">
    <Platform Project="x64" />
  </Project>
</Solution>
